// !$*UTF8*$!
{
	archiveVersion = 1;
	classes = {
	};
	objectVersion = 71;
	objects = {

/* Begin PBXBuildFile section */
		24079EBE2FC7F80C00AC9544 /* SwiftMIDI in Frameworks */ = {isa = PBXBuildFile; productRef = 24079EBD2FC7F80C00AC9544 /* SwiftMIDI */; };
		CC0000000000000000000001 /* SnapshotTesting in Frameworks */ = {isa = PBXBuildFile; productRef = CC0000000000000000000031 /* SnapshotTesting */; };
/* End PBXBuildFile section */

/* Begin PBXContainerItemProxy section */
		BB0000000000000000000010 /* PBXContainerItemProxy */ = {
			isa = PBXContainerItemProxy;
			containerPortal = AA0000000000000000000001 /* Project object */;
			proxyType = 1;
			remoteGlobalIDString = AA0000000000000000000002;
			remoteInfo = Drumrot;
		};
		CC0000000000000000000010 /* PBXContainerItemProxy (UITests) */ = {
			isa = PBXContainerItemProxy;
			containerPortal = AA0000000000000000000001 /* Project object */;
			proxyType = 1;
			remoteGlobalIDString = AA0000000000000000000002;
			remoteInfo = Drumrot;
		};
		CC0000000000000000000020 /* PBXContainerItemProxy (SnapshotTests) */ = {
			isa = PBXContainerItemProxy;
			containerPortal = AA0000000000000000000001 /* Project object */;
			proxyType = 1;
			remoteGlobalIDString = AA0000000000000000000002;
			remoteInfo = Drumrot;
		};
/* End PBXContainerItemProxy section */

/* Begin PBXFileReference section */
		AA0000000000000000000003 /* Drumrot.app */ = {isa = PBXFileReference; explicitFileType = wrapper.application; includeInIndex = 0; path = Drumrot.app; sourceTree = BUILT_PRODUCTS_DIR; };
		BB0000000000000000000003 /* DrumrotTests.xctest */ = {isa = PBXFileReference; explicitFileType = wrapper.cfbundle; includeInIndex = 0; path = DrumrotTests.xctest; sourceTree = BUILT_PRODUCTS_DIR; };
		CC0000000000000000000003 /* DrumrotUITests.xctest */ = {isa = PBXFileReference; explicitFileType = wrapper.cfbundle; includeInIndex = 0; path = DrumrotUITests.xctest; sourceTree = BUILT_PRODUCTS_DIR; };
		CC0000000000000000000013 /* DrumrotSnapshotTests.xctest */ = {isa = PBXFileReference; explicitFileType = wrapper.cfbundle; includeInIndex = 0; path = DrumrotSnapshotTests.xctest; sourceTree = BUILT_PRODUCTS_DIR; };
/* End PBXFileReference section */

/* Begin PBXFileSystemSynchronizedRootGroup section */
		AA0000000000000000000007 /* Drumrot */ = {isa = PBXFileSystemSynchronizedRootGroup; explicitFileTypes = {}; explicitFolders = (); path = Drumrot; sourceTree = "<group>"; };
		BB0000000000000000000007 /* DrumrotTests */ = {isa = PBXFileSystemSynchronizedRootGroup; explicitFileTypes = {}; explicitFolders = (); path = DrumrotTests; sourceTree = "<group>"; };
		CC0000000000000000000007 /* DrumrotUITests */ = {isa = PBXFileSystemSynchronizedRootGroup; explicitFileTypes = {}; explicitFolders = (); path = DrumrotUITests; sourceTree = "<group>"; };
		CC0000000000000000000017 /* DrumrotSnapshotTests */ = {isa = PBXFileSystemSynchronizedRootGroup; explicitFileTypes = {}; explicitFolders = (); path = DrumrotSnapshotTests; sourceTree = "<group>"; };
/* End PBXFileSystemSynchronizedRootGroup section */

/* Begin PBXFrameworksBuildPhase section */
		AA0000000000000000000005 /* Frameworks */ = {
			isa = PBXFrameworksBuildPhase;
			buildActionMask = 2147483647;
			files = (
				24079EBE2FC7F80C00AC9544 /* SwiftMIDI in Frameworks */,
			);
			runOnlyForDeploymentPostprocessing = 0;
		};
		BB0000000000000000000005 /* Frameworks */ = {
			isa = PBXFrameworksBuildPhase;
			buildActionMask = 2147483647;
			files = (
			);
			runOnlyForDeploymentPostprocessing = 0;
		};
		CC0000000000000000000005 /* Frameworks (UITests) */ = {
			isa = PBXFrameworksBuildPhase;
			buildActionMask = 2147483647;
			files = (
			);
			runOnlyForDeploymentPostprocessing = 0;
		};
		CC0000000000000000000015 /* Frameworks (SnapshotTests) */ = {
			isa = PBXFrameworksBuildPhase;
			buildActionMask = 2147483647;
			files = (
				CC0000000000000000000001 /* SnapshotTesting in Frameworks */,
			);
			runOnlyForDeploymentPostprocessing = 0;
		};
/* End PBXFrameworksBuildPhase section */

/* Begin PBXGroup section */
		24079EBC2FC7F78500AC9544 /* Frameworks */ = {
			isa = PBXGroup;
			children = (
			);
			name = Frameworks;
			sourceTree = "<group>";
		};
		AA0000000000000000000008 = {
			isa = PBXGroup;
			children = (
				AA0000000000000000000007 /* Drumrot */,
				BB0000000000000000000007 /* DrumrotTests */,
				CC0000000000000000000007 /* DrumrotUITests */,
				CC0000000000000000000017 /* DrumrotSnapshotTests */,
				24079EBC2FC7F78500AC9544 /* Frameworks */,
				AA0000000000000000000009 /* Products */,
			);
			sourceTree = "<group>";
		};
		AA0000000000000000000009 /* Products */ = {
			isa = PBXGroup;
			children = (
				AA0000000000000000000003 /* Drumrot.app */,
				BB0000000000000000000003 /* DrumrotTests.xctest */,
				CC0000000000000000000003 /* DrumrotUITests.xctest */,
				CC0000000000000000000013 /* DrumrotSnapshotTests.xctest */,
			);
			name = Products;
			sourceTree = "<group>";
		};
/* End PBXGroup section */

/* Begin PBXNativeTarget section */
		AA0000000000000000000002 /* Drumrot */ = {
			isa = PBXNativeTarget;
			buildConfigurationList = AA000000000000000000000B /* Build configuration list for PBXNativeTarget "Drumrot" */;
			buildPhases = (
				AA0000000000000000000004 /* Sources */,
				AA0000000000000000000005 /* Frameworks */,
				AA0000000000000000000006 /* Resources */,
			);
			buildRules = (
			);
			dependencies = (
			);
			fileSystemSynchronizedGroups = (
				AA0000000000000000000007 /* Drumrot */,
			);
			name = Drumrot;
			productName = Drumrot;
			productReference = AA0000000000000000000003 /* Drumrot.app */;
			productType = "com.apple.product-type.application";
		};
		BB0000000000000000000002 /* DrumrotTests */ = {
			isa = PBXNativeTarget;
			buildConfigurationList = BB000000000000000000000B /* Build configuration list for PBXNativeTarget "DrumrotTests" */;
			buildPhases = (
				BB0000000000000000000004 /* Sources */,
				BB0000000000000000000005 /* Frameworks */,
				BB0000000000000000000006 /* Resources */,
			);
			buildRules = (
			);
			dependencies = (
				BB0000000000000000000011 /* PBXTargetDependency */,
			);
			fileSystemSynchronizedGroups = (
				BB0000000000000000000007 /* DrumrotTests */,
			);
			name = DrumrotTests;
			productName = DrumrotTests;
			productReference = BB0000000000000000000003 /* DrumrotTests.xctest */;
			productType = "com.apple.product-type.bundle.unit-test";
		};
		CC0000000000000000000002 /* DrumrotUITests */ = {
			isa = PBXNativeTarget;
			buildConfigurationList = CC000000000000000000000B /* Build configuration list for PBXNativeTarget "DrumrotUITests" */;
			buildPhases = (
				CC0000000000000000000004 /* Sources */,
				CC0000000000000000000005 /* Frameworks */,
				CC0000000000000000000006 /* Resources */,
			);
			buildRules = (
			);
			dependencies = (
				CC0000000000000000000011 /* PBXTargetDependency (UITests) */,
			);
			fileSystemSynchronizedGroups = (
				CC0000000000000000000007 /* DrumrotUITests */,
			);
			name = DrumrotUITests;
			productName = DrumrotUITests;
			productReference = CC0000000000000000000003 /* DrumrotUITests.xctest */;
			productType = "com.apple.product-type.bundle.ui-testing";
		};
		CC0000000000000000000012 /* DrumrotSnapshotTests */ = {
			isa = PBXNativeTarget;
			buildConfigurationList = CC000000000000000000001B /* Build configuration list for PBXNativeTarget "DrumrotSnapshotTests" */;
			buildPhases = (
				CC0000000000000000000014 /* Sources */,
				CC0000000000000000000015 /* Frameworks */,
				CC0000000000000000000016 /* Resources */,
			);
			buildRules = (
			);
			dependencies = (
				CC0000000000000000000021 /* PBXTargetDependency (SnapshotTests) */,
			);
			fileSystemSynchronizedGroups = (
				CC0000000000000000000017 /* DrumrotSnapshotTests */,
			);
			name = DrumrotSnapshotTests;
			productName = DrumrotSnapshotTests;
			productReference = CC0000000000000000000013 /* DrumrotSnapshotTests.xctest */;
			productType = "com.apple.product-type.bundle.unit-test";
		};
/* End PBXNativeTarget section */

/* Begin PBXProject section */
		AA0000000000000000000001 /* Project object */ = {
			isa = PBXProject;
			attributes = {
				BuildIndependentTargetsInParallel = 1;
				LastSwiftUpdateCheck = 2650;
				LastUpgradeCheck = 2650;
				TargetAttributes = {
					AA0000000000000000000002 = {
						CreatedOnToolsVersion = 26.5;
					};
					BB0000000000000000000002 = {
						CreatedOnToolsVersion = 26.5;
						TestTargetID = AA0000000000000000000002;
					};
					CC0000000000000000000002 = {
						CreatedOnToolsVersion = 26.5;
						TestTargetID = AA0000000000000000000002;
					};
					CC0000000000000000000012 = {
						CreatedOnToolsVersion = 26.5;
						TestTargetID = AA0000000000000000000002;
					};
				};
			};
			buildConfigurationList = AA000000000000000000000A /* Build configuration list for PBXProject "Drumrot" */;
			compatibilityVersion = "Xcode 16.0";
			developmentRegion = en;
			hasScannedForEncodings = 0;
			knownRegions = (
				en,
				Base,
			);
			mainGroup = AA0000000000000000000008;
			minimizedProjectReferenceProxies = 1;
			packageReferences = (
				24079EBB2FC7F54600AC9544 /* XCRemoteSwiftPackageReference "MIDIKit" */,
				CC0000000000000000000030 /* XCRemoteSwiftPackageReference "swift-snapshot-testing" */,
			);
			productRefGroup = AA0000000000000000000009 /* Products */;
			projectDirPath = "";
			projectRoot = "";
			targets = (
				AA0000000000000000000002 /* Drumrot */,
				BB0000000000000000000002 /* DrumrotTests */,
				CC0000000000000000000002 /* DrumrotUITests */,
				CC0000000000000000000012 /* DrumrotSnapshotTests */,
			);
		};
/* End PBXProject section */

/* Begin PBXResourcesBuildPhase section */
		AA0000000000000000000006 /* Resources */ = {
			isa = PBXResourcesBuildPhase;
			buildActionMask = 2147483647;
			files = (
			);
			runOnlyForDeploymentPostprocessing = 0;
		};
		BB0000000000000000000006 /* Resources */ = {
			isa = PBXResourcesBuildPhase;
			buildActionMask = 2147483647;
			files = (
			);
			runOnlyForDeploymentPostprocessing = 0;
		};
		CC0000000000000000000006 /* Resources (UITests) */ = {
			isa = PBXResourcesBuildPhase;
			buildActionMask = 2147483647;
			files = (
			);
			runOnlyForDeploymentPostprocessing = 0;
		};
		CC0000000000000000000016 /* Resources (SnapshotTests) */ = {
			isa = PBXResourcesBuildPhase;
			buildActionMask = 2147483647;
			files = (
			);
			runOnlyForDeploymentPostprocessing = 0;
		};
/* End PBXResourcesBuildPhase section */

/* Begin PBXSourcesBuildPhase section */
		AA0000000000000000000004 /* Sources */ = {
			isa = PBXSourcesBuildPhase;
			buildActionMask = 2147483647;
			files = (
			);
			runOnlyForDeploymentPostprocessing = 0;
		};
		BB0000000000000000000004 /* Sources */ = {
			isa = PBXSourcesBuildPhase;
			buildActionMask = 2147483647;
			files = (
			);
			runOnlyForDeploymentPostprocessing = 0;
		};
		CC0000000000000000000004 /* Sources (UITests) */ = {
			isa = PBXSourcesBuildPhase;
			buildActionMask = 2147483647;
			files = (
			);
			runOnlyForDeploymentPostprocessing = 0;
		};
		CC0000000000000000000014 /* Sources (SnapshotTests) */ = {
			isa = PBXSourcesBuildPhase;
			buildActionMask = 2147483647;
			files = (
			);
			runOnlyForDeploymentPostprocessing = 0;
		};
/* End PBXSourcesBuildPhase section */

/* Begin PBXTargetDependency section */
		BB0000000000000000000011 /* PBXTargetDependency */ = {
			isa = PBXTargetDependency;
			target = AA0000000000000000000002 /* Drumrot */;
			targetProxy = BB0000000000000000000010 /* PBXContainerItemProxy */;
		};
		CC0000000000000000000011 /* PBXTargetDependency (UITests) */ = {
			isa = PBXTargetDependency;
			target = AA0000000000000000000002 /* Drumrot */;
			targetProxy = CC0000000000000000000010 /* PBXContainerItemProxy (UITests) */;
		};
		CC0000000000000000000021 /* PBXTargetDependency (SnapshotTests) */ = {
			isa = PBXTargetDependency;
			target = AA0000000000000000000002 /* Drumrot */;
			targetProxy = CC0000000000000000000020 /* PBXContainerItemProxy (SnapshotTests) */;
		};
/* End PBXTargetDependency section */

/* Begin XCBuildConfiguration section */
		AA000000000000000000000C /* Debug */ = {
			isa = XCBuildConfiguration;
			buildSettings = {
				ALWAYS_SEARCH_USER_PATHS = NO;
				ASSETCATALOG_COMPILER_GENERATE_SWIFT_ASSET_SYMBOL_EXTENSIONS = YES;
				CLANG_ANALYZER_NONNULL = YES;
				CLANG_ENABLE_MODULES = YES;
				CLANG_ENABLE_OBJC_ARC = YES;
				COPY_PHASE_STRIP = NO;
				DEBUG_INFORMATION_FORMAT = dwarf;
				ENABLE_STRICT_OBJC_MSGSEND = YES;
				ENABLE_TESTABILITY = YES;
				GCC_DYNAMIC_NO_PIC = NO;
				GCC_OPTIMIZATION_LEVEL = 0;
				GCC_PREPROCESSOR_DEFINITIONS = (
					"DEBUG=1",
					"$(inherited)",
				);
				IPHONEOS_DEPLOYMENT_TARGET = 16.6;
				MTL_ENABLE_DEBUG_INFO = INCLUDE_SOURCE;
				MTL_FAST_MATH = YES;
				ONLY_ACTIVE_ARCH = YES;
				SDKROOT = iphoneos;
				SWIFT_ACTIVE_COMPILATION_CONDITIONS = "DEBUG $(inherited)";
				SWIFT_OPTIMIZATION_LEVEL = "-Onone";
			};
			name = Debug;
		};
		AA000000000000000000000D /* Release */ = {
			isa = XCBuildConfiguration;
			buildSettings = {
				ALWAYS_SEARCH_USER_PATHS = NO;
				ASSETCATALOG_COMPILER_GENERATE_SWIFT_ASSET_SYMBOL_EXTENSIONS = YES;
				CLANG_ANALYZER_NONNULL = YES;
				CLANG_ENABLE_MODULES = YES;
				CLANG_ENABLE_OBJC_ARC = YES;
				COPY_PHASE_STRIP = NO;
				DEBUG_INFORMATION_FORMAT = "dwarf-with-dsym";
				ENABLE_NS_ASSERTIONS = NO;
				ENABLE_STRICT_OBJC_MSGSEND = YES;
				IPHONEOS_DEPLOYMENT_TARGET = 16.6;
				MTL_ENABLE_DEBUG_INFO = NO;
				MTL_FAST_MATH = YES;
				SDKROOT = iphoneos;
				SWIFT_COMPILATION_MODE = wholemodule;
				VALIDATE_PRODUCT = YES;
			};
			name = Release;
		};
		AA000000000000000000000E /* Debug */ = {
			isa = XCBuildConfiguration;
			buildSettings = {
				ASSETCATALOG_COMPILER_APPICON_NAME = AppIcon;
				CODE_SIGN_STYLE = Automatic;
				CURRENT_PROJECT_VERSION = 101;
				DEVELOPMENT_TEAM = 56Q69NYP9H;
				ENABLE_PREVIEWS = YES;
				GENERATE_INFOPLIST_FILE = NO;
				INFOPLIST_FILE = DrumrotInfo.plist;
				IPHONEOS_DEPLOYMENT_TARGET = 16.6;
				LD_RUNPATH_SEARCH_PATHS = (
					"$(inherited)",
					"@executable_path/Frameworks",
				);
				MARKETING_VERSION = 0.1;
				PRODUCT_BUNDLE_IDENTIFIER = com.visaliacrc.drumrot;
				PRODUCT_NAME = "$(TARGET_NAME)";
				SWIFT_EMIT_LOC_STRINGS = YES;
				SWIFT_VERSION = 5.0;
				TARGETED_DEVICE_FAMILY = 2;
			};
			name = Debug;
		};
		AA000000000000000000000F /* Release */ = {
			isa = XCBuildConfiguration;
			buildSettings = {
				ASSETCATALOG_COMPILER_APPICON_NAME = AppIcon;
				CODE_SIGN_STYLE = Automatic;
				CURRENT_PROJECT_VERSION = 101;
				DEVELOPMENT_TEAM = 56Q69NYP9H;
				ENABLE_PREVIEWS = YES;
				GENERATE_INFOPLIST_FILE = NO;
				INFOPLIST_FILE = DrumrotInfo.plist;
				IPHONEOS_DEPLOYMENT_TARGET = 16.6;
				LD_RUNPATH_SEARCH_PATHS = (
					"$(inherited)",
					"@executable_path/Frameworks",
				);
				MARKETING_VERSION = 0.1;
				PRODUCT_BUNDLE_IDENTIFIER = com.visaliacrc.drumrot;
				PRODUCT_NAME = "$(TARGET_NAME)";
				SWIFT_EMIT_LOC_STRINGS = YES;
				SWIFT_VERSION = 5.0;
				TARGETED_DEVICE_FAMILY = 2;
			};
			name = Release;
		};
		BB000000000000000000000E /* Debug */ = {
			isa = XCBuildConfiguration;
			buildSettings = {
				BUNDLE_LOADER = "$(TEST_HOST)";
				CODE_SIGN_STYLE = Automatic;
				CURRENT_PROJECT_VERSION = 1;
				DEVELOPMENT_TEAM = 56Q69NYP9H;
				GENERATE_INFOPLIST_FILE = YES;
				IPHONEOS_DEPLOYMENT_TARGET = 16.6;
				MARKETING_VERSION = 0.1;
				PRODUCT_BUNDLE_IDENTIFIER = com.visaliacrc.drumrot.tests;
				PRODUCT_NAME = "$(TARGET_NAME)";
				SWIFT_EMIT_LOC_STRINGS = NO;
				SWIFT_VERSION = 5.0;
				TARGETED_DEVICE_FAMILY = 2;
				TEST_HOST = "$(BUILT_PRODUCTS_DIR)/Drumrot.app/$(BUNDLE_EXECUTABLE_FOLDER_PATH)/Drumrot";
			};
			name = Debug;
		};
		BB000000000000000000000F /* Release */ = {
			isa = XCBuildConfiguration;
			buildSettings = {
				BUNDLE_LOADER = "$(TEST_HOST)";
				CODE_SIGN_STYLE = Automatic;
				CURRENT_PROJECT_VERSION = 1;
				DEVELOPMENT_TEAM = 56Q69NYP9H;
				GENERATE_INFOPLIST_FILE = YES;
				IPHONEOS_DEPLOYMENT_TARGET = 16.6;
				MARKETING_VERSION = 0.1;
				PRODUCT_BUNDLE_IDENTIFIER = com.visaliacrc.drumrot.tests;
				PRODUCT_NAME = "$(TARGET_NAME)";
				SWIFT_EMIT_LOC_STRINGS = NO;
				SWIFT_VERSION = 5.0;
				TARGETED_DEVICE_FAMILY = 2;
				TEST_HOST = "$(BUILT_PRODUCTS_DIR)/Drumrot.app/$(BUNDLE_EXECUTABLE_FOLDER_PATH)/Drumrot";
			};
			name = Release;
		};
		CC000000000000000000000E /* Debug (UITests) */ = {
			isa = XCBuildConfiguration;
			buildSettings = {
				CODE_SIGN_STYLE = Automatic;
				CURRENT_PROJECT_VERSION = 1;
				DEVELOPMENT_TEAM = 56Q69NYP9H;
				GENERATE_INFOPLIST_FILE = YES;
				IPHONEOS_DEPLOYMENT_TARGET = 17.0;
				MARKETING_VERSION = 0.1;
				PRODUCT_BUNDLE_IDENTIFIER = com.visaliacrc.drumrot.uitests;
				PRODUCT_NAME = "$(TARGET_NAME)";
				SWIFT_EMIT_LOC_STRINGS = NO;
				SWIFT_VERSION = 5.0;
				TARGETED_DEVICE_FAMILY = 2;
				TEST_TARGET_NAME = Drumrot;
			};
			name = Debug;
		};
		CC000000000000000000000F /* Release (UITests) */ = {
			isa = XCBuildConfiguration;
			buildSettings = {
				CODE_SIGN_STYLE = Automatic;
				CURRENT_PROJECT_VERSION = 1;
				DEVELOPMENT_TEAM = 56Q69NYP9H;
				GENERATE_INFOPLIST_FILE = YES;
				IPHONEOS_DEPLOYMENT_TARGET = 17.0;
				MARKETING_VERSION = 0.1;
				PRODUCT_BUNDLE_IDENTIFIER = com.visaliacrc.drumrot.uitests;
				PRODUCT_NAME = "$(TARGET_NAME)";
				SWIFT_EMIT_LOC_STRINGS = NO;
				SWIFT_VERSION = 5.0;
				TARGETED_DEVICE_FAMILY = 2;
				TEST_TARGET_NAME = Drumrot;
			};
			name = Release;
		};
		CC000000000000000000001E /* Debug (SnapshotTests) */ = {
			isa = XCBuildConfiguration;
			buildSettings = {
				BUNDLE_LOADER = "$(TEST_HOST)";
				CODE_SIGN_STYLE = Automatic;
				CURRENT_PROJECT_VERSION = 1;
				DEVELOPMENT_TEAM = 56Q69NYP9H;
				GENERATE_INFOPLIST_FILE = YES;
				IPHONEOS_DEPLOYMENT_TARGET = 17.0;
				MARKETING_VERSION = 0.1;
				PRODUCT_BUNDLE_IDENTIFIER = com.visaliacrc.drumrot.snapshottests;
				PRODUCT_NAME = "$(TARGET_NAME)";
				SWIFT_EMIT_LOC_STRINGS = NO;
				SWIFT_VERSION = 5.0;
				TARGETED_DEVICE_FAMILY = 2;
				TEST_HOST = "$(BUILT_PRODUCTS_DIR)/Drumrot.app/$(BUNDLE_EXECUTABLE_FOLDER_PATH)/Drumrot";
			};
			name = Debug;
		};
		CC000000000000000000001F /* Release (SnapshotTests) */ = {
			isa = XCBuildConfiguration;
			buildSettings = {
				BUNDLE_LOADER = "$(TEST_HOST)";
				CODE_SIGN_STYLE = Automatic;
				CURRENT_PROJECT_VERSION = 1;
				DEVELOPMENT_TEAM = 56Q69NYP9H;
				GENERATE_INFOPLIST_FILE = YES;
				IPHONEOS_DEPLOYMENT_TARGET = 17.0;
				MARKETING_VERSION = 0.1;
				PRODUCT_BUNDLE_IDENTIFIER = com.visaliacrc.drumrot.snapshottests;
				PRODUCT_NAME = "$(TARGET_NAME)";
				SWIFT_EMIT_LOC_STRINGS = NO;
				SWIFT_VERSION = 5.0;
				TARGETED_DEVICE_FAMILY = 2;
				TEST_HOST = "$(BUILT_PRODUCTS_DIR)/Drumrot.app/$(BUNDLE_EXECUTABLE_FOLDER_PATH)/Drumrot";
			};
			name = Release;
		};
/* End XCBuildConfiguration section */

/* Begin XCConfigurationList section */
		AA000000000000000000000A /* Build configuration list for PBXProject "Drumrot" */ = {
			isa = XCConfigurationList;
			buildConfigurations = (
				AA000000000000000000000C /* Debug */,
				AA000000000000000000000D /* Release */,
			);
			defaultConfigurationIsVisible = 0;
			defaultConfigurationName = Release;
		};
		AA000000000000000000000B /* Build configuration list for PBXNativeTarget "Drumrot" */ = {
			isa = XCConfigurationList;
			buildConfigurations = (
				AA000000000000000000000E /* Debug */,
				AA000000000000000000000F /* Release */,
			);
			defaultConfigurationIsVisible = 0;
			defaultConfigurationName = Release;
		};
		BB000000000000000000000B /* Build configuration list for PBXNativeTarget "DrumrotTests" */ = {
			isa = XCConfigurationList;
			buildConfigurations = (
				BB000000000000000000000E /* Debug */,
				BB000000000000000000000F /* Release */,
			);
			defaultConfigurationIsVisible = 0;
			defaultConfigurationName = Release;
		};
		CC000000000000000000000B /* Build configuration list for PBXNativeTarget "DrumrotUITests" */ = {
			isa = XCConfigurationList;
			buildConfigurations = (
				CC000000000000000000000E /* Debug (UITests) */,
				CC000000000000000000000F /* Release (UITests) */,
			);
			defaultConfigurationIsVisible = 0;
			defaultConfigurationName = Release;
		};
		CC000000000000000000001B /* Build configuration list for PBXNativeTarget "DrumrotSnapshotTests" */ = {
			isa = XCConfigurationList;
			buildConfigurations = (
				CC000000000000000000001E /* Debug (SnapshotTests) */,
				CC000000000000000000001F /* Release (SnapshotTests) */,
			);
			defaultConfigurationIsVisible = 0;
			defaultConfigurationName = Release;
		};
/* End XCConfigurationList section */

/* Begin XCRemoteSwiftPackageReference section */
		24079EBB2FC7F54600AC9544 /* XCRemoteSwiftPackageReference "MIDIKit" */ = {
			isa = XCRemoteSwiftPackageReference;
			repositoryURL = "https://github.com/orchetect/MIDIKit";
			requirement = {
				kind = upToNextMajorVersion;
				minimumVersion = 1.1.0;
			};
		};
		CC0000000000000000000030 /* XCRemoteSwiftPackageReference "swift-snapshot-testing" */ = {
			isa = XCRemoteSwiftPackageReference;
			repositoryURL = "https://github.com/pointfreeco/swift-snapshot-testing";
			requirement = {
				kind = upToNextMajorVersion;
				minimumVersion = 1.17.0;
			};
		};
/* End XCRemoteSwiftPackageReference section */

/* Begin XCSwiftPackageProductDependency section */
		24079EBD2FC7F80C00AC9544 /* SwiftMIDI */ = {
			isa = XCSwiftPackageProductDependency;
			package = 24079EBB2FC7F54600AC9544 /* XCRemoteSwiftPackageReference "MIDIKit" */;
			productName = SwiftMIDI;
		};
		CC0000000000000000000031 /* SnapshotTesting */ = {
			isa = XCSwiftPackageProductDependency;
			package = CC0000000000000000000030 /* XCRemoteSwiftPackageReference "swift-snapshot-testing" */;
			productName = SnapshotTesting;
		};
/* End XCSwiftPackageProductDependency section */
	};
	rootObject = AA0000000000000000000001 /* Project object */;
}
