{
  "originHash" : "7d74571f58d27226de04d108ec1f38b86a2dc63dfa848d64f5f655b2bd516f89",
  "pins" : [
    {
      "identity" : "midikit",
      "kind" : "remoteSourceControl",
      "location" : "https://github.com/orchetect/MIDIKit",
      "state" : {
        "revision" : "17e72aa3b73b05d195481dd72c05bc91433be119",
        "version" : "1.1.0"
      }
    },
    {
      "identity" : "swift-custom-dump",
      "kind" : "remoteSourceControl",
      "location" : "https://github.com/pointfreeco/swift-custom-dump",
      "state" : {
        "revision" : "b9b59eb58c946236d6f16305c576ad194c36444e",
        "version" : "1.6.0"
      }
    },
    {
      "identity" : "swift-data-parsing",
      "kind" : "remoteSourceControl",
      "location" : "https://github.com/orchetect/swift-data-parsing",
      "state" : {
        "revision" : "b5c4d0455151c30069bb435e86a7cafa937c6e47",
        "version" : "0.1.2"
      }
    },
    {
      "identity" : "swift-midi-controlsurfaces",
      "kind" : "remoteSourceControl",
      "location" : "https://github.com/orchetect/swift-midi-controlsurfaces",
      "state" : {
        "revision" : "073603ccf4f34ed087999e7ed7dfca5770d45fc0",
        "version" : "1.0.1"
      }
    },
    {
      "identity" : "swift-midi-core",
      "kind" : "remoteSourceControl",
      "location" : "https://github.com/orchetect/swift-midi-core",
      "state" : {
        "revision" : "9b2c7ba5d651e9225c40759e8ba93186412593a6",
        "version" : "1.0.1"
      }
    },
    {
      "identity" : "swift-midi-file",
      "kind" : "remoteSourceControl",
      "location" : "https://github.com/orchetect/swift-midi-file",
      "state" : {
        "revision" : "b50c08837d21f9b6533730806d9a5822616615a5",
        "version" : "1.0.1"
      }
    },
    {
      "identity" : "swift-midi-io",
      "kind" : "remoteSourceControl",
      "location" : "https://github.com/orchetect/swift-midi-io",
      "state" : {
        "revision" : "54ac94028e3825bd8e622d373b0698d196927212",
        "version" : "1.1.0"
      }
    },
    {
      "identity" : "swift-midi-sync",
      "kind" : "remoteSourceControl",
      "location" : "https://github.com/orchetect/swift-midi-sync",
      "state" : {
        "revision" : "74ea63824304a5b90d2f33159213155636065007",
        "version" : "1.0.1"
      }
    },
    {
      "identity" : "swift-midi-ui",
      "kind" : "remoteSourceControl",
      "location" : "https://github.com/orchetect/swift-midi-ui",
      "state" : {
        "revision" : "7fca9915d706d1dc28d3d9b8c9c4b6cd63d0ac40",
        "version" : "1.1.0"
      }
    },
    {
      "identity" : "swift-snapshot-testing",
      "kind" : "remoteSourceControl",
      "location" : "https://github.com/pointfreeco/swift-snapshot-testing",
      "state" : {
        "revision" : "ad5e3190cc63dc288f28546f9c6827efc1e9d495",
        "version" : "1.19.2"
      }
    },
    {
      "identity" : "swift-syntax",
      "kind" : "remoteSourceControl",
      "location" : "https://github.com/swiftlang/swift-syntax",
      "state" : {
        "revision" : "9de99a78f099e59caf2b2beec65a4c45d54b2081",
        "version" : "603.0.1"
      }
    },
    {
      "identity" : "swift-timecode",
      "kind" : "remoteSourceControl",
      "location" : "https://github.com/orchetect/swift-timecode",
      "state" : {
        "revision" : "88591f790378125627e5467a552dbbc831cca752",
        "version" : "3.1.2"
      }
    },
    {
      "identity" : "xctest-dynamic-overlay",
      "kind" : "remoteSourceControl",
      "location" : "https://github.com/pointfreeco/xctest-dynamic-overlay",
      "state" : {
        "revision" : "dfd70507def84cb5fb821278448a262c6ff2bbad",
        "version" : "1.9.0"
      }
    }
  ],
  "version" : 3
}
